
Microsoft Visual Studio Solution File, Format Version 12.00
# Visual Studio Version 17
VisualStudioVersion = 17.11.35222.181
MinimumVisualStudioVersion = 10.0.40219.1
Project("{9A19103F-16F7-4668-BE54-9A1E7A4F7556}") = "Scrapper", "IIP\Scrapper.csproj", "{75A8AA55-2352-4964-B8F8-88057B07A2A8}"
EndProject
Project("{9A19103F-16F7-4668-BE54-9A1E7A4F7556}") = "Data", "Data\Data.csproj", "{C35EDD6C-80B6-4A1E-9DB1-47B004801DF7}"
EndProject
Project("{9A19103F-16F7-4668-BE54-9A1E7A4F7556}") = "ElasticSearch", "ElasticSearch\ElasticSearch.csproj", "{557F61C3-4471-4B43-869F-631EEE299EC5}"
EndProject
Project("{9A19103F-16F7-4668-BE54-9A1E7A4F7556}") = "Console", "Console\Console.csproj", "{9FCD8169-C556-4BE8-8029-441CE69B4671}"
EndProject
Global
	GlobalSection(SolutionConfigurationPlatforms) = preSolution
		Debug|Any CPU = Debug|Any CPU
		Release|Any CPU = Release|Any CPU
	EndGlobalSection
	GlobalSection(ProjectConfigurationPlatforms) = postSolution
		{75A8AA55-2352-4964-B8F8-88057B07A2A8}.Debug|Any CPU.ActiveCfg = Debug|Any CPU
		{75A8AA55-2352-4964-B8F8-88057B07A2A8}.Debug|Any CPU.Build.0 = Debug|Any CPU
		{75A8AA55-2352-4964-B8F8-88057B07A2A8}.Release|Any CPU.ActiveCfg = Release|Any CPU
		{75A8AA55-2352-4964-B8F8-88057B07A2A8}.Release|Any CPU.Build.0 = Release|Any CPU
		{C35EDD6C-80B6-4A1E-9DB1-47B004801DF7}.Debug|Any CPU.ActiveCfg = Debug|Any CPU
		{C35EDD6C-80B6-4A1E-9DB1-47B004801DF7}.Debug|Any CPU.Build.0 = Debug|Any CPU
		{C35EDD6C-80B6-4A1E-9DB1-47B004801DF7}.Release|Any CPU.ActiveCfg = Release|Any CPU
		{C35EDD6C-80B6-4A1E-9DB1-47B004801DF7}.Release|Any CPU.Build.0 = Release|Any CPU
		{557F61C3-4471-4B43-869F-631EEE299EC5}.Debug|Any CPU.ActiveCfg = Debug|Any CPU
		{557F61C3-4471-4B43-869F-631EEE299EC5}.Debug|Any CPU.Build.0 = Debug|Any CPU
		{557F61C3-4471-4B43-869F-631EEE299EC5}.Release|Any CPU.ActiveCfg = Release|Any CPU
		{557F61C3-4471-4B43-869F-631EEE299EC5}.Release|Any CPU.Build.0 = Release|Any CPU
		{9FCD8169-C556-4BE8-8029-441CE69B4671}.Debug|Any CPU.ActiveCfg = Debug|Any CPU
		{9FCD8169-C556-4BE8-8029-441CE69B4671}.Debug|Any CPU.Build.0 = Debug|Any CPU
		{9FCD8169-C556-4BE8-8029-441CE69B4671}.Release|Any CPU.ActiveCfg = Release|Any CPU
		{9FCD8169-C556-4BE8-8029-441CE69B4671}.Release|Any CPU.Build.0 = Release|Any CPU
	EndGlobalSection
	GlobalSection(SolutionProperties) = preSolution
		HideSolutionNode = FALSE
	EndGlobalSection
	GlobalSection(ExtensibilityGlobals) = postSolution
		SolutionGuid = {EC90271C-862A-4A51-A304-C13FF77BF72A}
	EndGlobalSection
EndGlobal
